
Microsoft Visual Studio Solution File, Format Version 12.00
# Visual Studio Version 17
VisualStudioVersion = 17.5.33424.131
MinimumVisualStudioVersion = 10.0.40219.1
Project("{FAE04EC0-301F-11D3-BF4B-00C04F79EFBC}") = "semana7", "semana7.csproj", "{DE6815A6-C922-404A-AED3-C636462427E9}"
EndProject
Global
	GlobalSection(SolutionConfigurationPlatforms) = preSolution
		Debug|Any CPU = Debug|Any CPU
		Release|Any CPU = Release|Any CPU
	EndGlobalSection
	GlobalSection(ProjectConfigurationPlatforms) = postSolution
		{DE6815A6-C922-404A-AED3-C636462427E9}.Debug|Any CPU.ActiveCfg = Debug|Any CPU
		{DE6815A6-C922-404A-AED3-C636462427E9}.Debug|Any CPU.Build.0 = Debug|Any CPU
		{DE6815A6-C922-404A-AED3-C636462427E9}.Release|Any CPU.ActiveCfg = Release|Any CPU
		{DE6815A6-C922-404A-AED3-C636462427E9}.Release|Any CPU.Build.0 = Release|Any CPU
	EndGlobalSection
	GlobalSection(SolutionProperties) = preSolution
		HideSolutionNode = FALSE
	EndGlobalSection
	GlobalSection(ExtensibilityGlobals) = postSolution
		SolutionGuid = {73B493F0-B4D2-45BE-B8D1-04EF2D2AAF0B}
	EndGlobalSection
EndGlobal
